
Microsoft Visual Studio Solution File, Format Version 12.00
# Visual Studio Version 17
VisualStudioVersion = 17.8.34316.72
MinimumVisualStudioVersion = 10.0.40219.1
Project("{9A19103F-16F7-4668-BE54-9A1E7A4F7556}") = "FredBot", "FredBot\FredBot.csproj", "{CE9D51A2-E109-4305-812D-4063AE895C45}"
EndProject
Global
	GlobalSection(SolutionConfigurationPlatforms) = preSolution
		Debug|Any CPU = Debug|Any CPU
		Release|Any CPU = Release|Any CPU
	EndGlobalSection
	GlobalSection(ProjectConfigurationPlatforms) = postSolution
		{CE9D51A2-E109-4305-812D-4063AE895C45}.Debug|Any CPU.ActiveCfg = Debug|Any CPU
		{CE9D51A2-E109-4305-812D-4063AE895C45}.Debug|Any CPU.Build.0 = Debug|Any CPU
		{CE9D51A2-E109-4305-812D-4063AE895C45}.Release|Any CPU.ActiveCfg = Release|Any CPU
		{CE9D51A2-E109-4305-812D-4063AE895C45}.Release|Any CPU.Build.0 = Release|Any CPU
	EndGlobalSection
	GlobalSection(SolutionProperties) = preSolution
		HideSolutionNode = FALSE
	EndGlobalSection
	GlobalSection(ExtensibilityGlobals) = postSolution
		SolutionGuid = {7F3A78FA-E0A0-4F57-9B11-26B5368C3C79}
	EndGlobalSection
EndGlobal
